// !$*UTF8*$!
{
	archiveVersion = 1;
	classes = {
	};
	objectVersion = 46;
	objects = {

/* Begin PBXBuildFile section */
		19956A121C7510730031779F /* AppDelegate.swift in Sources */ = {isa = PBXBuildFile; fileRef = 19956A111C7510730031779F /* AppDelegate.swift */; };
		19956A141C7510730031779F /* ViewController.swift in Sources */ = {isa = PBXBuildFile; fileRef = 19956A131C7510730031779F /* ViewController.swift */; };
		19956A161C7510730031779F /* Assets.xcassets in Resources */ = {isa = PBXBuildFile; fileRef = 19956A151C7510730031779F /* Assets.xcassets */; };
		19956A191C7510730031779F /* Main.storyboard in Resources */ = {isa = PBXBuildFile; fileRef = 19956A171C7510730031779F /* Main.storyboard */; };
		19956A241C7510730031779F /* LoaderViewOSXExampleTests.swift in Sources */ = {isa = PBXBuildFile; fileRef = 19956A231C7510730031779F /* LoaderViewOSXExampleTests.swift */; };
		19956A2F1C7510730031779F /* LoaderViewOSXExampleUITests.swift in Sources */ = {isa = PBXBuildFile; fileRef = 19956A2E1C7510730031779F /* LoaderViewOSXExampleUITests.swift */; };
		19956A3D1C7512630031779F /* LoaderView.swift in Sources */ = {isa = PBXBuildFile; fileRef = 19956A3C1C7512630031779F /* LoaderView.swift */; };
/* End PBXBuildFile section */

/* Begin PBXContainerItemProxy section */
		19956A201C7510730031779F /* PBXContainerItemProxy */ = {
			isa = PBXContainerItemProxy;
			containerPortal = 19956A061C7510730031779F /* Project object */;
			proxyType = 1;
			remoteGlobalIDString = 19956A0D1C7510730031779F;
			remoteInfo = LoaderViewOSXExample;
		};
		19956A2B1C7510730031779F /* PBXContainerItemProxy */ = {
			isa = PBXContainerItemProxy;
			containerPortal = 19956A061C7510730031779F /* Project object */;
			proxyType = 1;
			remoteGlobalIDString = 19956A0D1C7510730031779F;
			remoteInfo = LoaderViewOSXExample;
		};
/* End PBXContainerItemProxy section */

/* Begin PBXFileReference section */
		19956A0E1C7510730031779F /* LoaderViewOSXExample.app */ = {isa = PBXFileReference; explicitFileType = wrapper.application; includeInIndex = 0; path = LoaderViewOSXExample.app; sourceTree = BUILT_PRODUCTS_DIR; };
		19956A111C7510730031779F /* AppDelegate.swift */ = {isa = PBXFileReference; lastKnownFileType = sourcecode.swift; path = AppDelegate.swift; sourceTree = "<group>"; };
		19956A131C7510730031779F /* ViewController.swift */ = {isa = PBXFileReference; lastKnownFileType = sourcecode.swift; path = ViewController.swift; sourceTree = "<group>"; };
		19956A151C7510730031779F /* Assets.xcassets */ = {isa = PBXFileReference; lastKnownFileType = folder.assetcatalog; path = Assets.xcassets; sourceTree = "<group>"; };
		19956A181C7510730031779F /* Base */ = {isa = PBXFileReference; lastKnownFileType = file.storyboard; name = Base; path = Base.lproj/Main.storyboard; sourceTree = "<group>"; };
		19956A1A1C7510730031779F /* Info.plist */ = {isa = PBXFileReference; lastKnownFileType = text.plist.xml; path = Info.plist; sourceTree = "<group>"; };
		19956A1F1C7510730031779F /* LoaderViewOSXExampleTests.xctest */ = {isa = PBXFileReference; explicitFileType = wrapper.cfbundle; includeInIndex = 0; path = LoaderViewOSXExampleTests.xctest; sourceTree = BUILT_PRODUCTS_DIR; };
		19956A231C7510730031779F /* LoaderViewOSXExampleTests.swift */ = {isa = PBXFileReference; lastKnownFileType = sourcecode.swift; path = LoaderViewOSXExampleTests.swift; sourceTree = "<group>"; };
		19956A251C7510730031779F /* Info.plist */ = {isa = PBXFileReference; lastKnownFileType = text.plist.xml; path = Info.plist; sourceTree = "<group>"; };
		19956A2A1C7510730031779F /* LoaderViewOSXExampleUITests.xctest */ = {isa = PBXFileReference; explicitFileType = wrapper.cfbundle; includeInIndex = 0; path = LoaderViewOSXExampleUITests.xctest; sourceTree = BUILT_PRODUCTS_DIR; };
		19956A2E1C7510730031779F /* LoaderViewOSXExampleUITests.swift */ = {isa = PBXFileReference; lastKnownFileType = sourcecode.swift; path = LoaderViewOSXExampleUITests.swift; sourceTree = "<group>"; };
		19956A301C7510730031779F /* Info.plist */ = {isa = PBXFileReference; lastKnownFileType = text.plist.xml; path = Info.plist; sourceTree = "<group>"; };
		19956A3C1C7512630031779F /* LoaderView.swift */ = {isa = PBXFileReference; fileEncoding = 4; lastKnownFileType = sourcecode.swift; name = LoaderView.swift; path = ../LoaderView.swift; sourceTree = "<group>"; };
/* End PBXFileReference section */

/* Begin PBXFrameworksBuildPhase section */
		19956A0B1C7510730031779F /* Frameworks */ = {
			isa = PBXFrameworksBuildPhase;
			buildActionMask = 2147483647;
			files = (
			);
			runOnlyForDeploymentPostprocessing = 0;
		};
		19956A1C1C7510730031779F /* Frameworks */ = {
			isa = PBXFrameworksBuildPhase;
			buildActionMask = 2147483647;
			files = (
			);
			runOnlyForDeploymentPostprocessing = 0;
		};
		19956A271C7510730031779F /* Frameworks */ = {
			isa = PBXFrameworksBuildPhase;
			buildActionMask = 2147483647;
			files = (
			);
			runOnlyForDeploymentPostprocessing = 0;
		};
/* End PBXFrameworksBuildPhase section */

/* Begin PBXGroup section */
		19956A051C7510730031779F = {
			isa = PBXGroup;
			children = (
				19956A3C1C7512630031779F /* LoaderView.swift */,
				19956A101C7510730031779F /* LoaderViewOSXExample */,
				19956A221C7510730031779F /* LoaderViewOSXExampleTests */,
				19956A2D1C7510730031779F /* LoaderViewOSXExampleUITests */,
				19956A0F1C7510730031779F /* Products */,
			);
			sourceTree = "<group>";
		};
		19956A0F1C7510730031779F /* Products */ = {
			isa = PBXGroup;
			children = (
				19956A0E1C7510730031779F /* LoaderViewOSXExample.app */,
				19956A1F1C7510730031779F /* LoaderViewOSXExampleTests.xctest */,
				19956A2A1C7510730031779F /* LoaderViewOSXExampleUITests.xctest */,
			);
			name = Products;
			sourceTree = "<group>";
		};
		19956A101C7510730031779F /* LoaderViewOSXExample */ = {
			isa = PBXGroup;
			children = (
				19956A111C7510730031779F /* AppDelegate.swift */,
				19956A131C7510730031779F /* ViewController.swift */,
				19956A151C7510730031779F /* Assets.xcassets */,
				19956A171C7510730031779F /* Main.storyboard */,
				19956A1A1C7510730031779F /* Info.plist */,
			);
			path = LoaderViewOSXExample;
			sourceTree = "<group>";
		};
		19956A221C7510730031779F /* LoaderViewOSXExampleTests */ = {
			isa = PBXGroup;
			children = (
				19956A231C7510730031779F /* LoaderViewOSXExampleTests.swift */,
				19956A251C7510730031779F /* Info.plist */,
			);
			path = LoaderViewOSXExampleTests;
			sourceTree = "<group>";
		};
		19956A2D1C7510730031779F /* LoaderViewOSXExampleUITests */ = {
			isa = PBXGroup;
			children = (
				19956A2E1C7510730031779F /* LoaderViewOSXExampleUITests.swift */,
				19956A301C7510730031779F /* Info.plist */,
			);
			path = LoaderViewOSXExampleUITests;
			sourceTree = "<group>";
		};
/* End PBXGroup section */

/* Begin PBXNativeTarget section */
		19956A0D1C7510730031779F /* LoaderViewOSXExample */ = {
			isa = PBXNativeTarget;
			buildConfigurationList = 19956A331C7510730031779F /* Build configuration list for PBXNativeTarget "LoaderViewOSXExample" */;
			buildPhases = (
				19956A0A1C7510730031779F /* Sources */,
				19956A0B1C7510730031779F /* Frameworks */,
				19956A0C1C7510730031779F /* Resources */,
			);
			buildRules = (
			);
			dependencies = (
			);
			name = LoaderViewOSXExample;
			productName = LoaderViewOSXExample;
			productReference = 19956A0E1C7510730031779F /* LoaderViewOSXExample.app */;
			productType = "com.apple.product-type.application";
		};
		19956A1E1C7510730031779F /* LoaderViewOSXExampleTests */ = {
			isa = PBXNativeTarget;
			buildConfigurationList = 19956A361C7510730031779F /* Build configuration list for PBXNativeTarget "LoaderViewOSXExampleTests" */;
			buildPhases = (
				19956A1B1C7510730031779F /* Sources */,
				19956A1C1C7510730031779F /* Frameworks */,
				19956A1D1C7510730031779F /* Resources */,
			);
			buildRules = (
			);
			dependencies = (
				19956A211C7510730031779F /* PBXTargetDependency */,
			);
			name = LoaderViewOSXExampleTests;
			productName = LoaderViewOSXExampleTests;
			productReference = 19956A1F1C7510730031779F /* LoaderViewOSXExampleTests.xctest */;
			productType = "com.apple.product-type.bundle.unit-test";
		};
		19956A291C7510730031779F /* LoaderViewOSXExampleUITests */ = {
			isa = PBXNativeTarget;
			buildConfigurationList = 19956A391C7510730031779F /* Build configuration list for PBXNativeTarget "LoaderViewOSXExampleUITests" */;
			buildPhases = (
				19956A261C7510730031779F /* Sources */,
				19956A271C7510730031779F /* Frameworks */,
				19956A281C7510730031779F /* Resources */,
			);
			buildRules = (
			);
			dependencies = (
				19956A2C1C7510730031779F /* PBXTargetDependency */,
			);
			name = LoaderViewOSXExampleUITests;
			productName = LoaderViewOSXExampleUITests;
			productReference = 19956A2A1C7510730031779F /* LoaderViewOSXExampleUITests.xctest */;
			productType = "com.apple.product-type.bundle.ui-testing";
		};
/* End PBXNativeTarget section */

/* Begin PBXProject section */
		19956A061C7510730031779F /* Project object */ = {
			isa = PBXProject;
			attributes = {
				LastSwiftUpdateCheck = 0720;
				LastUpgradeCheck = 0720;
				ORGANIZATIONNAME = "Jeremy Fox";
				TargetAttributes = {
					19956A0D1C7510730031779F = {
						CreatedOnToolsVersion = 7.2.1;
					};
					19956A1E1C7510730031779F = {
						CreatedOnToolsVersion = 7.2.1;
						TestTargetID = 19956A0D1C7510730031779F;
					};
					19956A291C7510730031779F = {
						CreatedOnToolsVersion = 7.2.1;
						TestTargetID = 19956A0D1C7510730031779F;
					};
				};
			};
			buildConfigurationList = 19956A091C7510730031779F /* Build configuration list for PBXProject "LoaderViewOSXExample" */;
			compatibilityVersion = "Xcode 3.2";
			developmentRegion = English;
			hasScannedForEncodings = 0;
			knownRegions = (
				en,
				Base,
			);
			mainGroup = 19956A051C7510730031779F;
			productRefGroup = 19956A0F1C7510730031779F /* Products */;
			projectDirPath = "";
			projectRoot = "";
			targets = (
				19956A0D1C7510730031779F /* LoaderViewOSXExample */,
				19956A1E1C7510730031779F /* LoaderViewOSXExampleTests */,
				19956A291C7510730031779F /* LoaderViewOSXExampleUITests */,
			);
		};
/* End PBXProject section */

/* Begin PBXResourcesBuildPhase section */
		19956A0C1C7510730031779F /* Resources */ = {
			isa = PBXResourcesBuildPhase;
			buildActionMask = 2147483647;
			files = (
				19956A161C7510730031779F /* Assets.xcassets in Resources */,
				19956A191C7510730031779F /* Main.storyboard in Resources */,
			);
			runOnlyForDeploymentPostprocessing = 0;
		};
		19956A1D1C7510730031779F /* Resources */ = {
			isa = PBXResourcesBuildPhase;
			buildActionMask = 2147483647;
			files = (
			);
			runOnlyForDeploymentPostprocessing = 0;
		};
		19956A281C7510730031779F /* Resources */ = {
			isa = PBXResourcesBuildPhase;
			buildActionMask = 2147483647;
			files = (
			);
			runOnlyForDeploymentPostprocessing = 0;
		};
/* End PBXResourcesBuildPhase section */

/* Begin PBXSourcesBuildPhase section */
		19956A0A1C7510730031779F /* Sources */ = {
			isa = PBXSourcesBuildPhase;
			buildActionMask = 2147483647;
			files = (
				19956A141C7510730031779F /* ViewController.swift in Sources */,
				19956A121C7510730031779F /* AppDelegate.swift in Sources */,
				19956A3D1C7512630031779F /* LoaderView.swift in Sources */,
			);
			runOnlyForDeploymentPostprocessing = 0;
		};
		19956A1B1C7510730031779F /* Sources */ = {
			isa = PBXSourcesBuildPhase;
			buildActionMask = 2147483647;
			files = (
				19956A241C7510730031779F /* LoaderViewOSXExampleTests.swift in Sources */,
			);
			runOnlyForDeploymentPostprocessing = 0;
		};
		19956A261C7510730031779F /* Sources */ = {
			isa = PBXSourcesBuildPhase;
			buildActionMask = 2147483647;
			files = (
				19956A2F1C7510730031779F /* LoaderViewOSXExampleUITests.swift in Sources */,
			);
			runOnlyForDeploymentPostprocessing = 0;
		};
/* End PBXSourcesBuildPhase section */

/* Begin PBXTargetDependency section */
		19956A211C7510730031779F /* PBXTargetDependency */ = {
			isa = PBXTargetDependency;
			target = 19956A0D1C7510730031779F /* LoaderViewOSXExample */;
			targetProxy = 19956A201C7510730031779F /* PBXContainerItemProxy */;
		};
		19956A2C1C7510730031779F /* PBXTargetDependency */ = {
			isa = PBXTargetDependency;
			target = 19956A0D1C7510730031779F /* LoaderViewOSXExample */;
			targetProxy = 19956A2B1C7510730031779F /* PBXContainerItemProxy */;
		};
/* End PBXTargetDependency section */

/* Begin PBXVariantGroup section */
		19956A171C7510730031779F /* Main.storyboard */ = {
			isa = PBXVariantGroup;
			children = (
				19956A181C7510730031779F /* Base */,
			);
			name = Main.storyboard;
			sourceTree = "<group>";
		};
/* End PBXVariantGroup section */

/* Begin XCBuildConfiguration section */
		19956A311C7510730031779F /* Debug */ = {
			isa = XCBuildConfiguration;
			buildSettings = {
				ALWAYS_SEARCH_USER_PATHS = NO;
				CLANG_CXX_LANGUAGE_STANDARD = "gnu++0x";
				CLANG_CXX_LIBRARY = "libc++";
				CLANG_ENABLE_MODULES = YES;
				CLANG_ENABLE_OBJC_ARC = YES;
				CLANG_WARN_BOOL_CONVERSION = YES;
				CLANG_WARN_CONSTANT_CONVERSION = YES;
				CLANG_WARN_DIRECT_OBJC_ISA_USAGE = YES_ERROR;
				CLANG_WARN_EMPTY_BODY = YES;
				CLANG_WARN_ENUM_CONVERSION = YES;
				CLANG_WARN_INT_CONVERSION = YES;
				CLANG_WARN_OBJC_ROOT_CLASS = YES_ERROR;
				CLANG_WARN_UNREACHABLE_CODE = YES;
				CLANG_WARN__DUPLICATE_METHOD_MATCH = YES;
				CODE_SIGN_IDENTITY = "-";
				COPY_PHASE_STRIP = NO;
				DEBUG_INFORMATION_FORMAT = dwarf;
				ENABLE_STRICT_OBJC_MSGSEND = YES;
				ENABLE_TESTABILITY = YES;
				GCC_C_LANGUAGE_STANDARD = gnu99;
				GCC_DYNAMIC_NO_PIC = NO;
				GCC_NO_COMMON_BLOCKS = YES;
				GCC_OPTIMIZATION_LEVEL = 0;
				GCC_PREPROCESSOR_DEFINITIONS = (
					"DEBUG=1",
					"$(inherited)",
				);
				GCC_WARN_64_TO_32_BIT_CONVERSION = YES;
				GCC_WARN_ABOUT_RETURN_TYPE = YES_ERROR;
				GCC_WARN_UNDECLARED_SELECTOR = YES;
				GCC_WARN_UNINITIALIZED_AUTOS = YES_AGGRESSIVE;
				GCC_WARN_UNUSED_FUNCTION = YES;
				GCC_WARN_UNUSED_VARIABLE = YES;
				MACOSX_DEPLOYMENT_TARGET = 10.11;
				MTL_ENABLE_DEBUG_INFO = YES;
				ONLY_ACTIVE_ARCH = YES;
				SDKROOT = macosx;
				SWIFT_OPTIMIZATION_LEVEL = "-Onone";
			};
			name = Debug;
		};
		19956A321C7510730031779F /* Release */ = {
			isa = XCBuildConfiguration;
			buildSettings = {
				ALWAYS_SEARCH_USER_PATHS = NO;
				CLANG_CXX_LANGUAGE_STANDARD = "gnu++0x";
				CLANG_CXX_LIBRARY = "libc++";
				CLANG_ENABLE_MODULES = YES;
				CLANG_ENABLE_OBJC_ARC = YES;
				CLANG_WARN_BOOL_CONVERSION = YES;
				CLANG_WARN_CONSTANT_CONVERSION = YES;
				CLANG_WARN_DIRECT_OBJC_ISA_USAGE = YES_ERROR;
				CLANG_WARN_EMPTY_BODY = YES;
				CLANG_WARN_ENUM_CONVERSION = YES;
				CLANG_WARN_INT_CONVERSION = YES;
				CLANG_WARN_OBJC_ROOT_CLASS = YES_ERROR;
				CLANG_WARN_UNREACHABLE_CODE = YES;
				CLANG_WARN__DUPLICATE_METHOD_MATCH = YES;
				CODE_SIGN_IDENTITY = "-";
				COPY_PHASE_STRIP = NO;
				DEBUG_INFORMATION_FORMAT = "dwarf-with-dsym";
				ENABLE_NS_ASSERTIONS = NO;
				ENABLE_STRICT_OBJC_MSGSEND = YES;
				GCC_C_LANGUAGE_STANDARD = gnu99;
				GCC_NO_COMMON_BLOCKS = YES;
				GCC_WARN_64_TO_32_BIT_CONVERSION = YES;
				GCC_WARN_ABOUT_RETURN_TYPE = YES_ERROR;
				GCC_WARN_UNDECLARED_SELECTOR = YES;
				GCC_WARN_UNINITIALIZED_AUTOS = YES_AGGRESSIVE;
				GCC_WARN_UNUSED_FUNCTION = YES;
				GCC_WARN_UNUSED_VARIABLE = YES;
				MACOSX_DEPLOYMENT_TARGET = 10.11;
				MTL_ENABLE_DEBUG_INFO = NO;
				SDKROOT = macosx;
			};
			name = Release;
		};
		19956A341C7510730031779F /* Debug */ = {
			isa = XCBuildConfiguration;
			buildSettings = {
				ASSETCATALOG_COMPILER_APPICON_NAME = AppIcon;
				COMBINE_HIDPI_IMAGES = YES;
				INFOPLIST_FILE = LoaderViewOSXExample/Info.plist;
				LD_RUNPATH_SEARCH_PATHS = "$(inherited) @executable_path/../Frameworks";
				PRODUCT_BUNDLE_IDENTIFIER = com.jeremyfox.LoaderViewOSXExample;
				PRODUCT_NAME = "$(TARGET_NAME)";
			};
			name = Debug;
		};
		19956A351C7510730031779F /* Release */ = {
			isa = XCBuildConfiguration;
			buildSettings = {
				ASSETCATALOG_COMPILER_APPICON_NAME = AppIcon;
				COMBINE_HIDPI_IMAGES = YES;
				INFOPLIST_FILE = LoaderViewOSXExample/Info.plist;
				LD_RUNPATH_SEARCH_PATHS = "$(inherited) @executable_path/../Frameworks";
				PRODUCT_BUNDLE_IDENTIFIER = com.jeremyfox.LoaderViewOSXExample;
				PRODUCT_NAME = "$(TARGET_NAME)";
			};
			name = Release;
		};
		19956A371C7510730031779F /* Debug */ = {
			isa = XCBuildConfiguration;
			buildSettings = {
				BUNDLE_LOADER = "$(TEST_HOST)";
				COMBINE_HIDPI_IMAGES = YES;
				INFOPLIST_FILE = LoaderViewOSXExampleTests/Info.plist;
				LD_RUNPATH_SEARCH_PATHS = "$(inherited) @executable_path/../Frameworks @loader_path/../Frameworks";
				PRODUCT_BUNDLE_IDENTIFIER = com.jeremyfox.LoaderViewOSXExampleTests;
				PRODUCT_NAME = "$(TARGET_NAME)";
				TEST_HOST = "$(BUILT_PRODUCTS_DIR)/LoaderViewOSXExample.app/Contents/MacOS/LoaderViewOSXExample";
			};
			name = Debug;
		};
		19956A381C7510730031779F /* Release */ = {
			isa = XCBuildConfiguration;
			buildSettings = {
				BUNDLE_LOADER = "$(TEST_HOST)";
				COMBINE_HIDPI_IMAGES = YES;
				INFOPLIST_FILE = LoaderViewOSXExampleTests/Info.plist;
				LD_RUNPATH_SEARCH_PATHS = "$(inherited) @executable_path/../Frameworks @loader_path/../Frameworks";
				PRODUCT_BUNDLE_IDENTIFIER = com.jeremyfox.LoaderViewOSXExampleTests;
				PRODUCT_NAME = "$(TARGET_NAME)";
				TEST_HOST = "$(BUILT_PRODUCTS_DIR)/LoaderViewOSXExample.app/Contents/MacOS/LoaderViewOSXExample";
			};
			name = Release;
		};
		19956A3A1C7510730031779F /* Debug */ = {
			isa = XCBuildConfiguration;
			buildSettings = {
				COMBINE_HIDPI_IMAGES = YES;
				INFOPLIST_FILE = LoaderViewOSXExampleUITests/Info.plist;
				LD_RUNPATH_SEARCH_PATHS = "$(inherited) @executable_path/../Frameworks @loader_path/../Frameworks";
				PRODUCT_BUNDLE_IDENTIFIER = com.jeremyfox.LoaderViewOSXExampleUITests;
				PRODUCT_NAME = "$(TARGET_NAME)";
				TEST_TARGET_NAME = LoaderViewOSXExample;
				USES_XCTRUNNER = YES;
			};
			name = Debug;
		};
		19956A3B1C7510730031779F /* Release */ = {
			isa = XCBuildConfiguration;
			buildSettings = {
				COMBINE_HIDPI_IMAGES = YES;
				INFOPLIST_FILE = LoaderViewOSXExampleUITests/Info.plist;
				LD_RUNPATH_SEARCH_PATHS = "$(inherited) @executable_path/../Frameworks @loader_path/../Frameworks";
				PRODUCT_BUNDLE_IDENTIFIER = com.jeremyfox.LoaderViewOSXExampleUITests;
				PRODUCT_NAME = "$(TARGET_NAME)";
				TEST_TARGET_NAME = LoaderViewOSXExample;
				USES_XCTRUNNER = YES;
			};
			name = Release;
		};
/* End XCBuildConfiguration section */

/* Begin XCConfigurationList section */
		19956A091C7510730031779F /* Build configuration list for PBXProject "LoaderViewOSXExample" */ = {
			isa = XCConfigurationList;
			buildConfigurations = (
				19956A311C7510730031779F /* Debug */,
				19956A321C7510730031779F /* Release */,
			);
			defaultConfigurationIsVisible = 0;
			defaultConfigurationName = Release;
		};
		19956A331C7510730031779F /* Build configuration list for PBXNativeTarget "LoaderViewOSXExample" */ = {
			isa = XCConfigurationList;
			buildConfigurations = (
				19956A341C7510730031779F /* Debug */,
				19956A351C7510730031779F /* Release */,
			);
			defaultConfigurationIsVisible = 0;
		};
		19956A361C7510730031779F /* Build configuration list for PBXNativeTarget "LoaderViewOSXExampleTests" */ = {
			isa = XCConfigurationList;
			buildConfigurations = (
				19956A371C7510730031779F /* Debug */,
				19956A381C7510730031779F /* Release */,
			);
			defaultConfigurationIsVisible = 0;
		};
		19956A391C7510730031779F /* Build configuration list for PBXNativeTarget "LoaderViewOSXExampleUITests" */ = {
			isa = XCConfigurationList;
			buildConfigurations = (
				19956A3A1C7510730031779F /* Debug */,
				19956A3B1C7510730031779F /* Release */,
			);
			defaultConfigurationIsVisible = 0;
		};
/* End XCConfigurationList section */
	};
	rootObject = 19956A061C7510730031779F /* Project object */;
}
